
Microsoft Visual Studio Solution File, Format Version 12.00
# Visual Studio 15
VisualStudioVersion = 15.0.26127.3
MinimumVisualStudioVersion = 10.0.40219.1
Project("{8BC9CEB8-8B4A-11D0-8D11-00A0C91BC942}") = "OpenAL32", "OpenAL32\OpenAL32.vcxproj", "{31710860-B344-4E0E-95DD-CFF4D7401FA0}"
EndProject
Project("{FAE04EC0-301F-11D3-BF4B-00C04F79EFBC}") = "mod-manager", "mod-manager\mod-manager.csproj", "{1FF1EDD3-1DEE-4284-B8C1-7A8088BFF58E}"
	ProjectSection(ProjectDependencies) = postProject
		{31710860-B344-4E0E-95DD-CFF4D7401FA0} = {31710860-B344-4E0E-95DD-CFF4D7401FA0}
	EndProjectSection
EndProject
Global
	GlobalSection(SolutionConfigurationPlatforms) = preSolution
		Debug|Any CPU = Debug|Any CPU
		Debug|x64 = Debug|x64
		Debug|x86 = Debug|x86
		Release|Any CPU = Release|Any CPU
		Release|x64 = Release|x64
		Release|x86 = Release|x86
	EndGlobalSection
	GlobalSection(ProjectConfigurationPlatforms) = postSolution
		{31710860-B344-4E0E-95DD-CFF4D7401FA0}.Debug|Any CPU.ActiveCfg = Debug|Win32
		{31710860-B344-4E0E-95DD-CFF4D7401FA0}.Debug|x64.ActiveCfg = Debug|x64
		{31710860-B344-4E0E-95DD-CFF4D7401FA0}.Debug|x64.Build.0 = Debug|x64
		{31710860-B344-4E0E-95DD-CFF4D7401FA0}.Debug|x86.ActiveCfg = Debug|Win32
		{31710860-B344-4E0E-95DD-CFF4D7401FA0}.Debug|x86.Build.0 = Debug|Win32
		{31710860-B344-4E0E-95DD-CFF4D7401FA0}.Release|Any CPU.ActiveCfg = Release|Win32
		{31710860-B344-4E0E-95DD-CFF4D7401FA0}.Release|x64.ActiveCfg = Release|x64
		{31710860-B344-4E0E-95DD-CFF4D7401FA0}.Release|x64.Build.0 = Release|x64
		{31710860-B344-4E0E-95DD-CFF4D7401FA0}.Release|x86.ActiveCfg = Release|Win32
		{31710860-B344-4E0E-95DD-CFF4D7401FA0}.Release|x86.Build.0 = Release|Win32
		{1FF1EDD3-1DEE-4284-B8C1-7A8088BFF58E}.Debug|Any CPU.ActiveCfg = Debug|Any CPU
		{1FF1EDD3-1DEE-4284-B8C1-7A8088BFF58E}.Debug|Any CPU.Build.0 = Debug|Any CPU
		{1FF1EDD3-1DEE-4284-B8C1-7A8088BFF58E}.Debug|x64.ActiveCfg = Debug|Any CPU
		{1FF1EDD3-1DEE-4284-B8C1-7A8088BFF58E}.Debug|x64.Build.0 = Debug|Any CPU
		{1FF1EDD3-1DEE-4284-B8C1-7A8088BFF58E}.Debug|x86.ActiveCfg = Debug|Any CPU
		{1FF1EDD3-1DEE-4284-B8C1-7A8088BFF58E}.Debug|x86.Build.0 = Debug|Any CPU
		{1FF1EDD3-1DEE-4284-B8C1-7A8088BFF58E}.Release|Any CPU.ActiveCfg = Release|Any CPU
		{1FF1EDD3-1DEE-4284-B8C1-7A8088BFF58E}.Release|Any CPU.Build.0 = Release|Any CPU
		{1FF1EDD3-1DEE-4284-B8C1-7A8088BFF58E}.Release|x64.ActiveCfg = Release|Any CPU
		{1FF1EDD3-1DEE-4284-B8C1-7A8088BFF58E}.Release|x64.Build.0 = Release|Any CPU
		{1FF1EDD3-1DEE-4284-B8C1-7A8088BFF58E}.Release|x86.ActiveCfg = Release|Any CPU
		{1FF1EDD3-1DEE-4284-B8C1-7A8088BFF58E}.Release|x86.Build.0 = Release|Any CPU
	EndGlobalSection
	GlobalSection(SolutionProperties) = preSolution
		HideSolutionNode = FALSE
	EndGlobalSection
EndGlobal
